{
  "version": 4,
  "terraform_version": "1.12.2",
  "serial": 19,
  "lineage": "de8e793a-8c4d-f7a9-041c-d114e8b265a4",
  "outputs": {
    "master_public_ip": {
      "value": "3.94.90.8",
      "type": "string"
    },
    "private_key_path": {
      "value": "/home/ec2-user/.ssh/devops-keypem-ansible.pem",
      "type": "string"
    },
    "worker1_public_ip": {
      "value": "54.175.124.14",
      "type": "string"
    },
    "worker2_public_ip": {
      "value": "54.211.235.112",
      "type": "string"
    }
  },
  "resources": [
    {
      "mode": "managed",
      "type": "aws_key_pair",
      "name": "generated_key",
      "provider": "provider[\"registry.terraform.io/hashicorp/aws\"]",
      "instances": [
        {
          "schema_version": 1,
          "attributes": {
            "arn": "arn:aws:ec2:us-east-1:467389992117:key-pair/devops-keypem-ansible",
            "fingerprint": "37:4b:aa:eb:4f:92:b8:b7:db:1d:cd:4d:b9:60:c2:27",
            "id": "devops-keypem-ansible",
            "key_name": "devops-keypem-ansible",
            "key_name_prefix": "",
            "key_pair_id": "key-0bef3d19c3f3699bb",
            "key_type": "rsa",
            "public_key": "ssh-rsa AAAAB3NzaC1yc2EAAAADAQABAAACAQDAW3u4QdYMRz5EWnI6cd65j0tqgo8/yLCjS2v+jkV7vCIHAsnf/3PVEKkvfNt72bW5uvZhJNBe0MvM1ftpuwI8ipelg+S2wDL3aSukT3Rizg81g4N47Ve9b7RG1HB60iPmCdbpf8eONsyVqMMdNNAYyuGJxunByfi4xbtiq/+xN0CFU2v8P5XPv9Fx8/7ZtIdtwlhhA4w+//2OIjzsBjDWXT2t0w/lPfK8b/EaaSxAqUbivl/8HAHlKCXNhQwJpToMF1w76bGxAk6aO7e7Gwb1avo5rhZCd7GyfLO228Xb/MIxFVe5xGptD1k6TQWbHZyIfcwLSER2PxApBkip40tT/ms8ElPhXBjRPYMjvPqVtntOv20gOXveFs6d0mNymlTkhzxVlv9xVBVUJ4/LTIPescCP948uWTok9HcP64xlNPd71ytF/25EwJ+FDyZopLiTMbXQPeuNmPHfV+qK3uFSkwDCueFaYsCnW/SLYjBxudLd2rY7XlLsz+nHwcASR80XlGG/Vil0CFeXw+fM41IXSioKIYoCK0hI8pLT4wVKU+vSzGupMekCvLfmyTkkGvOaRMA5gSWWu/ut23wvrLSKVLivlTIt48D07rloLdM7KCCy4ptjuaa16HuJ6BshOAFvwbnharJQ11kHNIuJL2uyFAMtUIPI2P/P5uONM4Dvnw==",
            "region": "us-east-1",
            "tags": null,
            "tags_all": {}
          },
          "sensitive_attributes": [],
          "identity_schema_version": 0,
          "private": "eyJzY2hlbWFfdmVyc2lvbiI6IjEifQ==",
          "dependencies": [
            "tls_private_key.ssh_key"
          ]
        }
      ]
    },
    {
      "mode": "managed",
      "type": "aws_security_group",
      "name": "ec2_sg",
      "provider": "provider[\"registry.terraform.io/hashicorp/aws\"]",
      "instances": [
        {
          "schema_version": 1,
          "attributes": {
            "arn": "arn:aws:ec2:us-east-1:467389992117:security-group/sg-0191773d760b0b1ee",
            "description": "Managed by Terraform",
            "egress": [
              {
                "cidr_blocks": [
                  "0.0.0.0/0"
                ],
                "description": "",
                "from_port": 0,
                "ipv6_cidr_blocks": [],
                "prefix_list_ids": [],
                "protocol": "-1",
                "security_groups": [],
                "self": false,
                "to_port": 0
              }
            ],
            "id": "sg-0191773d760b0b1ee",
            "ingress": [
              {
                "cidr_blocks": [
                  "0.0.0.0/0"
                ],
                "description": "Kubernetes API Server",
                "from_port": 6443,
                "ipv6_cidr_blocks": [],
                "prefix_list_ids": [],
                "protocol": "tcp",
                "security_groups": [],
                "self": false,
                "to_port": 6443
              },
              {
                "cidr_blocks": [
                  "0.0.0.0/0"
                ],
                "description": "NodePort Services",
                "from_port": 30000,
                "ipv6_cidr_blocks": [],
                "prefix_list_ids": [],
                "protocol": "tcp",
                "security_groups": [],
                "self": false,
                "to_port": 32767
              },
              {
                "cidr_blocks": [
                  "0.0.0.0/0"
                ],
                "description": "SSH Access",
                "from_port": 22,
                "ipv6_cidr_blocks": [],
                "prefix_list_ids": [],
                "protocol": "tcp",
                "security_groups": [],
                "self": false,
                "to_port": 22
              },
              {
                "cidr_blocks": [],
                "description": "Flannel VXLAN UDP port",
                "from_port": 8285,
                "ipv6_cidr_blocks": [],
                "prefix_list_ids": [],
                "protocol": "udp",
                "security_groups": [],
                "self": true,
                "to_port": 8285
              },
              {
                "cidr_blocks": [],
                "description": "Flannel VXLAN alternative port UDP",
                "from_port": 8472,
                "ipv6_cidr_blocks": [],
                "prefix_list_ids": [],
                "protocol": "udp",
                "security_groups": [],
                "self": true,
                "to_port": 8472
              },
              {
                "cidr_blocks": [],
                "description": "Kubelet API",
                "from_port": 10250,
                "ipv6_cidr_blocks": [],
                "prefix_list_ids": [],
                "protocol": "tcp",
                "security_groups": [],
                "self": true,
                "to_port": 10250
              },
              {
                "cidr_blocks": [],
                "description": "etcd server client API",
                "from_port": 2379,
                "ipv6_cidr_blocks": [],
                "prefix_list_ids": [],
                "protocol": "tcp",
                "security_groups": [],
                "self": true,
                "to_port": 2380
              },
              {
                "cidr_blocks": [],
                "description": "kube-controller-manager",
                "from_port": 10252,
                "ipv6_cidr_blocks": [],
                "prefix_list_ids": [],
                "protocol": "tcp",
                "security_groups": [],
                "self": true,
                "to_port": 10252
              },
              {
                "cidr_blocks": [],
                "description": "kube-proxy health check",
                "from_port": 10256,
                "ipv6_cidr_blocks": [],
                "prefix_list_ids": [],
                "protocol": "tcp",
                "security_groups": [],
                "self": true,
                "to_port": 10256
              },
              {
                "cidr_blocks": [],
                "description": "kube-scheduler",
                "from_port": 10251,
                "ipv6_cidr_blocks": [],
                "prefix_list_ids": [],
                "protocol": "tcp",
                "security_groups": [],
                "self": true,
                "to_port": 10251
              }
            ],
            "name": "K8S-CLUSTER-sg",
            "name_prefix": "",
            "owner_id": "467389992117",
            "region": "us-east-1",
            "revoke_rules_on_delete": false,
            "tags": {
              "Name": "K8S-CLUSTER-sg"
            },
            "tags_all": {
              "Name": "K8S-CLUSTER-sg"
            },
            "timeouts": null,
            "vpc_id": "vpc-02addb8eb7f41e597"
          },
          "sensitive_attributes": [],
          "identity_schema_version": 0,
          "private": "eyJlMmJmYjczMC1lY2FhLTExZTYtOGY4OC0zNDM2M2JjN2M0YzAiOnsiY3JlYXRlIjo2MDAwMDAwMDAwMDAsImRlbGV0ZSI6OTAwMDAwMDAwMDAwfSwic2NoZW1hX3ZlcnNpb24iOiIxIn0="
        }
      ]
    },
    {
      "mode": "managed",
      "type": "local_file",
      "name": "ansible_inventory",
      "provider": "provider[\"registry.terraform.io/hashicorp/local\"]",
      "instances": [
        {
          "schema_version": 0,
          "attributes": {
            "content": "[masters]\nmaster ansible_host=3.94.90.8 ansible_user=ubuntu ansible_ssh_private_key_file=~/.ssh/devops-keypem-ansible.pem ansible_ssh_common_args='-o StrictHostKeyChecking=no'\n\n[workers]\nworker1 ansible_host=54.175.124.14 ansible_user=ubuntu ansible_ssh_private_key_file=~/.ssh/devops-keypem-ansible.pem ansible_ssh_common_args='-o StrictHostKeyChecking=no'\nworker2 ansible_host=54.211.235.112 ansible_user=ubuntu ansible_ssh_private_key_file=~/.ssh/devops-keypem-ansible.pem ansible_ssh_common_args='-o StrictHostKeyChecking=no'\n\n",
            "content_base64": null,
            "content_base64sha256": "ieCX95WgWs+Zhrw5Oa1S2XhrjDVUvd/5WFM+cWL+ZKg=",
            "content_base64sha512": "Tb/Yzb18gQzukR2qVMkkV4NQzRRudizAWIFe748s5VeiYDnrGyMom6wq4Xvu0NUlcOcVtJzX05Id+fsen+cSqg==",
            "content_md5": "73a8e942c2c8f8ffc0a27446822318be",
            "content_sha1": "fc8b4cef3e6959d0cae6893e5db5be66f37351ae",
            "content_sha256": "89e097f795a05acf9986bc3939ad52d9786b8c3554bddff958533e7162fe64a8",
            "content_sha512": "4dbfd8cdbd7c810cee911daa54c924578350cd146e762cc058815eef8f2ce557a26039eb1b23289bac2ae17beed0d52570e715b49cd7d3921df9fb1e9fe712aa",
            "directory_permission": "0777",
            "file_permission": "0777",
            "filename": "./ansible/inventory.generated.ini",
            "id": "fc8b4cef3e6959d0cae6893e5db5be66f37351ae",
            "sensitive_content": null,
            "source": null
          },
          "sensitive_attributes": [
            [
              {
                "type": "get_attr",
                "value": "sensitive_content"
              }
            ]
          ],
          "identity_schema_version": 0,
          "dependencies": [
            "aws_key_pair.generated_key",
            "aws_security_group.ec2_sg",
            "module.master.aws_iam_instance_profile.this",
            "module.master.aws_iam_role.ec2_instance_role",
            "module.master.aws_iam_role_policy_attachment.ec2_attach_policy",
            "module.master.aws_instance.this",
            "module.worker_1.aws_iam_instance_profile.this",
            "module.worker_1.aws_iam_role.ec2_instance_role",
            "module.worker_1.aws_iam_role_policy_attachment.ec2_attach_policy",
            "module.worker_1.aws_instance.this",
            "module.worker_2.aws_iam_instance_profile.this",
            "module.worker_2.aws_iam_role.ec2_instance_role",
            "module.worker_2.aws_instance.this",
            "tls_private_key.ssh_key"
          ]
        }
      ]
    },
    {
      "mode": "managed",
      "type": "local_file",
      "name": "private_key_pem",
      "provider": "provider[\"registry.terraform.io/hashicorp/local\"]",
      "instances": [
        {
          "schema_version": 0,
          "attributes": {
            "content": "-----BEGIN RSA PRIVATE KEY-----\nMIIJJwIBAAKCAgEAwFt7uEHWDEc+RFpyOnHeuY9LaoKPP8iwo0tr/o5Fe7wiBwLJ\n3/9z1RCpL3zbe9m1ubr2YSTQXtDLzNX7absCPIqXpYPktsAy92krpE90Ys4PNYOD\neO1XvW+0RtRwetIj5gnW6X/HjjbMlajDHTTQGMrhicbpwcn4uMW7Yqv/sTdAhVNr\n/D+Vz7/RcfP+2bSHbcJYYQOMPv/9jiI87AYw1l09rdMP5T3yvG/xGmksQKlG4r5f\n/BwB5SglzYUMCaU6DBdcO+mxsQJOmju3uxsG9Wr6Oa4WQnexsnyzttvF2/zCMRVX\nucRqbQ9ZOk0Fmx2ciH3MC0hEdj8QKQZIqeNLU/5rPBJT4VwY0T2DI7z6lbZ7Tr9t\nIDl73hbOndJjcppU5Ic8VZb/cVQVVCePy0yD3rHAj/ePLlk6JPR3D+uMZTT3e9cr\nRf9uRMCfhQ8maKS4kzG10D3rjZjx31fqit7hUpMAwrnhWmLAp1v0i2IwcbnS3dq2\nO15S7M/px8HAEkfNF5Rhv1YpdAhXl8PnzONSF0oqCiGKAitISPKS0+MFSlPr0sxr\nqTHpAry35sk5JBrzmkTAOYEllrv7rdt8L6y0ilS4r5UyLePA9O65aC3TOyggsuKb\nY7mmteh7iegbITgBb8G54WqyUNdZBzSLiS9rshQDLVCDyNj/z+bjjTOA758CAwEA\nAQKCAgAFi72t6swCj51GeDsZ30WWIQECIaCCrMUW+Co1bSGotxxeCmEKocFTr8bI\n9TcYw4afQ7otw9N0IF332mWEv10JpM9JeNuDv1fY1UHqW1YWMS20E8YbGvCwKAPR\nFPfnOp7JV5hIJCR7P643VGXHtkmXpWXKRJ9htHKE1UKZTi8xi0/DaEvROn4VvsiJ\nmgjLew56hiNpLKKDAHtteSQ7g9QtogOQuuiW6enRMAMKCWU6ugauq+F1kdMmKbmp\nSsA1mPtq9NN2cL7sRQ5CGR2redSCB+MN/axrnyrS5BCEYaK7PHbW1nAwjW6qFUqz\nyRuzxK9KKiJTYvKCXEAZhrJan5CA3wyCTt0uINm38cBf/q7iiVa4hrydbvJhQtX9\n9fKfyJ8oxicYn2VWvj6CMU/7prDCx/1JDxJivs2k1LwxRh58bnSOSlHLaEJtpq1h\n4prrkL02tutlAn1tKoZGKnfn/JQt+RnJfMgMEftdImyWd4gMgWhnWrRkM1PyLXZb\nbLCWUSnQv4/E2J7DSieUmAir4+DmTCmxtHKQRIMqalxeMEjW/4Dj35Ri2W2vQK6/\nYavknf0VdNq1crFJwPsUYE1mzFA4MVpZc4Urp7ee/PiJtszGgUvZtBpwEv7ScH41\nqvOBCfH7rhu3OBa+KC+OtmjoFbCc9Bg7adlFVC0BQLcwYoB3BQKCAQEAxAoqNqpB\nD9m15qR14GOmrWKiQ5b4eS18vCh0s2RAcuPj66ZsN3F9O9LToxWuuzJsGenWE2Ow\nCyyRnsb1geOJc2tKbBzWA/8S+09HelsN87sGA1t/P+cSvmuu5UOoLQNg/ZEb6oVg\nttrK/EMxM/dU1pcx7HPedylYYvphGk/Qo1FfuqmBrRvQAXUymcSPEZ0bX2yt4PCZ\n28+sZm+oKeUp9KvbGR2GU8U44iyCvz2buGgGafKZjH09PSiaDMsHKV7s0vQI81FM\nyMN+bdIzFrt/CJY6j8ejOPoy/W1o0NLq3wQx2DWAiO9vRZ1VzTTScyts8VTfwgqD\n2b+ocG97sZCBiwKCAQEA+zD95CHNi74ET5P+Q7XcyEymmIpT+pcbnhYqwUwNeM7o\ncvUe5CHiicM4zVgtaX9QNq/Een+nmjX/8VuPF2J3gTGWcIg1T0EkNThRooE4da18\nXOCXmIwlxnr8Y3e+HZ+LqR0yWdIjiFeEeO5EjfEHjfUMUGKfDtcAJiOlYKVMT9rF\n9Sc3TrzEn1K/LeUzCpJX+I9y2/b/tI1rF3Im9eMNSjJvip/X+CX/3NkD7EYlbcNn\nsd07gaqGTgEpbu8Pwf5/SKfAUxO6+z/BWMu/Gq878bLYQOyFk1Ez9ITcT2rl4ETC\n4P7he/Lx+QMKOAnCPRIvf1Pu11cJDUu/cpmVlIVkvQKCAQA0EDMH04115S7e8xxv\nHGf+siw/4Q9aN09iNShRIDXRjV5RjiA9VUGaKrKUJEUEaC63bxewjJALV6nQziwT\nc9dkNMFOFxZrd0mWPobQIvCAo1HEgH85/GdI9RY8wwwd8EDI9snALe3yggbYmguu\nLmh0mTDkCB2z7eIQX0h8kWfqh8jxrOTIkZNbX8Gxfrc0SVIktJs1GxDxhKTXi53Q\nipDq7t1APUwYYU9rGcEbgwQhJFdXuds3qWcjH+5RqXXccd5ZZAAghp3qz6h7CBET\nX3YsVKF23+EkV6ZFEdJ9axZ/ZgDK1+Kr+1LE3TUVS4r8lTLYoN7QDLTZloHoYmMq\nVCNjAoIBAHH96KoXwPyyragjZBb8OAZZ6px84eFto6XZL2vrBI4Xb5uDq5Ih4nlc\nM7HUWz9t/Evk9ggVWEz+RnkUcNpO4CasBzZoSbD+wdy5Ayr481NL+Iz5izI6H4Z0\nF4dYNtmgprOHQWtLlr5v4Pk0P74ebKw6UW1FZCNK5JFqScmTGg9/G6jGNC4yMhSP\na5z7T29zvCJbjudNrvsT1k6cihu5/zT1sHK7WToOnI9vmH0n1CJ8s9keqbuNVEef\n9VqXeJIz2TVyky/gW1FbvHV8eOw2K8DixYqpC3EwP6CujoAn5cwhyEJsyI0EUlUL\n0R5fJ1upng5tW40zvTLgdjAejKgK5Q0CggEAPrCaIDN7E9JfDhtKvAkFmsYMDc4g\nFdm4C0iiuj0bMpsphAPxJpXcAzqQsscaQu/0xnAQp0lGjnG698OKon4jV5hiAtJ0\nb6rlzme8nsMKM6rxIre8GxLUKaHKeykwQoENp5w30kXDQbwePjfVrRY665e8FeJO\nRGw4zJ7ixPpOW6ZBCPZ/Cfe16FEocODXAu+GnfJ4EYXgLND+o5h7jioIk5ikem+p\nnFlOPV+WiUsSmcOiBKnqyOtdhfWE7Z0Z6RQ7jLpqvRgrPLSe69yu3wv/S/HaL90a\n370f7GgBxesvIviOW6HO1rYs4UR6DaEl8/0T7OCBa7dht/pjiMNvma2nsA==\n-----END RSA PRIVATE KEY-----\n",
            "content_base64": null,
            "content_base64sha256": "502tAOOX69hq09deX9qJcvf/OAiRUfc+XzgxSNwjTF8=",
            "content_base64sha512": "8xEjECv3RifASzQ9LpBspJLyUYr7pRmOQ9xqDmWOGJJ0v2bu1jCKRXfYGtC98Ehm/+HrS8ht7eNbvOqUFcm87A==",
            "content_md5": "1c27f2338e4d0b150f6348951209afc6",
            "content_sha1": "7bdc2ae3ac83d685c9baedbaa01e2ee7b5b01ec8",
            "content_sha256": "e74dad00e397ebd86ad3d75e5fda8972f7ff38089151f73e5f383148dc234c5f",
            "content_sha512": "f31123102bf74627c04b343d2e906ca492f2518afba5198e43dc6a0e658e189274bf66eed6308a4577d81ad0bdf04866ffe1eb4bc86dede35bbcea9415c9bcec",
            "directory_permission": "0777",
            "file_permission": "0400",
            "filename": "/home/ec2-user/.ssh/devops-keypem-ansible.pem",
            "id": "7bdc2ae3ac83d685c9baedbaa01e2ee7b5b01ec8",
            "sensitive_content": null,
            "source": null
          },
          "sensitive_attributes": [
            [
              {
                "type": "get_attr",
                "value": "content"
              }
            ],
            [
              {
                "type": "get_attr",
                "value": "sensitive_content"
              }
            ]
          ],
          "identity_schema_version": 0,
          "dependencies": [
            "tls_private_key.ssh_key"
          ]
        }
      ]
    },
    {
      "mode": "managed",
      "type": "null_resource",
      "name": "join_workers",
      "provider": "provider[\"registry.terraform.io/hashicorp/null\"]",
      "instances": [
        {
          "schema_version": 0,
          "attributes": {
            "id": "5692426730970422469",
            "triggers": null
          },
          "sensitive_attributes": [],
          "identity_schema_version": 0,
          "dependencies": [
            "aws_key_pair.generated_key",
            "aws_security_group.ec2_sg",
            "local_file.ansible_inventory",
            "module.master.aws_iam_instance_profile.this",
            "module.master.aws_iam_role.ec2_instance_role",
            "module.master.aws_iam_role_policy_attachment.ec2_attach_policy",
            "module.master.aws_instance.this",
            "module.worker_1.aws_iam_instance_profile.this",
            "module.worker_1.aws_iam_role.ec2_instance_role",
            "module.worker_1.aws_iam_role_policy_attachment.ec2_attach_policy",
            "module.worker_1.aws_instance.this",
            "module.worker_2.aws_iam_instance_profile.this",
            "module.worker_2.aws_iam_role.ec2_instance_role",
            "module.worker_2.aws_iam_role_policy_attachment.ec2_attach_policy",
            "module.worker_2.aws_instance.this",
            "tls_private_key.ssh_key"
          ]
        }
      ]
    },
    {
      "mode": "managed",
      "type": "tls_private_key",
      "name": "ssh_key",
      "provider": "provider[\"registry.terraform.io/hashicorp/tls\"]",
      "instances": [
        {
          "schema_version": 1,
          "attributes": {
            "algorithm": "RSA",
            "ecdsa_curve": "P224",
            "id": "61d5c211e44fc82f04101ad39491a0d1480a4e55",
            "private_key_openssh": "-----BEGIN OPENSSH PRIVATE KEY-----\nb3BlbnNzaC1rZXktdjEAAAAABG5vbmUAAAAEbm9uZQAAAAAAAAABAAACFwAAAAdz\nc2gtcnNhAAAAAwEAAQAAAgEAwFt7uEHWDEc+RFpyOnHeuY9LaoKPP8iwo0tr/o5F\ne7wiBwLJ3/9z1RCpL3zbe9m1ubr2YSTQXtDLzNX7absCPIqXpYPktsAy92krpE90\nYs4PNYODeO1XvW+0RtRwetIj5gnW6X/HjjbMlajDHTTQGMrhicbpwcn4uMW7Yqv/\nsTdAhVNr/D+Vz7/RcfP+2bSHbcJYYQOMPv/9jiI87AYw1l09rdMP5T3yvG/xGmks\nQKlG4r5f/BwB5SglzYUMCaU6DBdcO+mxsQJOmju3uxsG9Wr6Oa4WQnexsnyzttvF\n2/zCMRVXucRqbQ9ZOk0Fmx2ciH3MC0hEdj8QKQZIqeNLU/5rPBJT4VwY0T2DI7z6\nlbZ7Tr9tIDl73hbOndJjcppU5Ic8VZb/cVQVVCePy0yD3rHAj/ePLlk6JPR3D+uM\nZTT3e9crRf9uRMCfhQ8maKS4kzG10D3rjZjx31fqit7hUpMAwrnhWmLAp1v0i2Iw\ncbnS3dq2O15S7M/px8HAEkfNF5Rhv1YpdAhXl8PnzONSF0oqCiGKAitISPKS0+MF\nSlPr0sxrqTHpAry35sk5JBrzmkTAOYEllrv7rdt8L6y0ilS4r5UyLePA9O65aC3T\nOyggsuKbY7mmteh7iegbITgBb8G54WqyUNdZBzSLiS9rshQDLVCDyNj/z+bjjTOA\n758AAAc4Z0+ngWdPp4EAAAAHc3NoLXJzYQAAAgEAwFt7uEHWDEc+RFpyOnHeuY9L\naoKPP8iwo0tr/o5Fe7wiBwLJ3/9z1RCpL3zbe9m1ubr2YSTQXtDLzNX7absCPIqX\npYPktsAy92krpE90Ys4PNYODeO1XvW+0RtRwetIj5gnW6X/HjjbMlajDHTTQGMrh\nicbpwcn4uMW7Yqv/sTdAhVNr/D+Vz7/RcfP+2bSHbcJYYQOMPv/9jiI87AYw1l09\nrdMP5T3yvG/xGmksQKlG4r5f/BwB5SglzYUMCaU6DBdcO+mxsQJOmju3uxsG9Wr6\nOa4WQnexsnyzttvF2/zCMRVXucRqbQ9ZOk0Fmx2ciH3MC0hEdj8QKQZIqeNLU/5r\nPBJT4VwY0T2DI7z6lbZ7Tr9tIDl73hbOndJjcppU5Ic8VZb/cVQVVCePy0yD3rHA\nj/ePLlk6JPR3D+uMZTT3e9crRf9uRMCfhQ8maKS4kzG10D3rjZjx31fqit7hUpMA\nwrnhWmLAp1v0i2IwcbnS3dq2O15S7M/px8HAEkfNF5Rhv1YpdAhXl8PnzONSF0oq\nCiGKAitISPKS0+MFSlPr0sxrqTHpAry35sk5JBrzmkTAOYEllrv7rdt8L6y0ilS4\nr5UyLePA9O65aC3TOyggsuKbY7mmteh7iegbITgBb8G54WqyUNdZBzSLiS9rshQD\nLVCDyNj/z+bjjTOA758AAAADAQABAAACAAWLva3qzAKPnUZ4OxnfRZYhAQIhoIKs\nxRb4KjVtIai3HF4KYQqhwVOvxsj1NxjDhp9Dui3D03QgXffaZYS/XQmkz0l424O/\nV9jVQepbVhYxLbQTxhsa8LAoA9EU9+c6nslXmEgkJHs/rjdUZce2SZelZcpEn2G0\ncoTVQplOLzGLT8NoS9E6fhW+yImaCMt7DnqGI2ksooMAe215JDuD1C2iA5C66Jbp\n6dEwAwoJZTq6Bq6r4XWR0yYpualKwDWY+2r003ZwvuxFDkIZHat51IIH4w39rGuf\nKtLkEIRhors8dtbWcDCNbqoVSrPJG7PEr0oqIlNi8oJcQBmGslqfkIDfDIJO3S4g\n2bfxwF/+ruKJVriGvJ1u8mFC1f318p/InyjGJxifZVa+PoIxT/umsMLH/UkPEmK+\nzaTUvDFGHnxudI5KUctoQm2mrWHimuuQvTa262UCfW0qhkYqd+f8lC35Gcl8yAwR\n+10ibJZ3iAyBaGdatGQzU/ItdltssJZRKdC/j8TYnsNKJ5SYCKvj4OZMKbG0cpBE\ngypqXF4wSNb/gOPflGLZba9Arr9hq+Sd/RV02rVysUnA+xRgTWbMUDgxWllzhSun\nt578+Im2zMaBS9m0GnAS/tJwfjWq84EJ8fuuG7c4Fr4oL462aOgVsJz0GDtp2UVU\nLQFAtzBigHcFAAABAD6wmiAzexPSXw4bSrwJBZrGDA3OIBXZuAtIoro9GzKbKYQD\n8SaV3AM6kLLHGkLv9MZwEKdJRo5xuvfDiqJ+I1eYYgLSdG+q5c5nvJ7DCjOq8SK3\nvBsS1CmhynspMEKBDaecN9JFw0G8Hj431a0WOuuXvBXiTkRsOMye4sT6TlumQQj2\nfwn3tehRKHDg1wLvhp3yeBGF4CzQ/qOYe44qCJOYpHpvqZxZTj1flolLEpnDogSp\n6sjrXYX1hO2dGekUO4y6ar0YKzy0nuvcrt8L/0vx2i/dGt+9H+xoAcXrLyL4jluh\nzta2LOFEeg2hJfP9E+zggWu3Ybf6Y4jDb5mtp7AAAAEBAMQKKjaqQQ/ZteakdeBj\npq1iokOW+HktfLwodLNkQHLj4+umbDdxfTvS06MVrrsybBnp1hNjsAsskZ7G9YHj\niXNrSmwc1gP/EvtPR3pbDfO7BgNbfz/nEr5rruVDqC0DYP2RG+qFYLbayvxDMTP3\nVNaXMexz3ncpWGL6YRpP0KNRX7qpga0b0AF1MpnEjxGdG19sreDwmdvPrGZvqCnl\nKfSr2xkdhlPFOOIsgr89m7hoBmnymYx9PT0omgzLByle7NL0CPNRTMjDfm3SMxa7\nfwiWOo/Hozj6Mv1taNDS6t8EMdg1gIjvb0WdVc000nMrbPFU38IKg9m/qHBve7GQ\ngYsAAAEBAPsw/eQhzYu+BE+T/kO13MhMppiKU/qXG54WKsFMDXjO6HL1HuQh4onD\nOM1YLWl/UDavxHp/p5o1//Fbjxdid4ExlnCINU9BJDU4UaKBOHWtfFzgl5iMJcZ6\n/GN3vh2fi6kdMlnSI4hXhHjuRI3xB431DFBinw7XACYjpWClTE/axfUnN068xJ9S\nvy3lMwqSV/iPctv2/7SNaxdyJvXjDUoyb4qf1/gl/9zZA+xGJW3DZ7HdO4Gqhk4B\nKW7vD8H+f0inwFMTuvs/wVjLvxqvO/Gy2EDshZNRM/SE3E9q5eBEwuD+4Xvy8fkD\nCjgJwj0SL39T7tdXCQ1Lv3KZlZSFZL0AAAAAAQID\n-----END OPENSSH PRIVATE KEY-----\n",
            "private_key_pem": "-----BEGIN RSA PRIVATE KEY-----\nMIIJJwIBAAKCAgEAwFt7uEHWDEc+RFpyOnHeuY9LaoKPP8iwo0tr/o5Fe7wiBwLJ\n3/9z1RCpL3zbe9m1ubr2YSTQXtDLzNX7absCPIqXpYPktsAy92krpE90Ys4PNYOD\neO1XvW+0RtRwetIj5gnW6X/HjjbMlajDHTTQGMrhicbpwcn4uMW7Yqv/sTdAhVNr\n/D+Vz7/RcfP+2bSHbcJYYQOMPv/9jiI87AYw1l09rdMP5T3yvG/xGmksQKlG4r5f\n/BwB5SglzYUMCaU6DBdcO+mxsQJOmju3uxsG9Wr6Oa4WQnexsnyzttvF2/zCMRVX\nucRqbQ9ZOk0Fmx2ciH3MC0hEdj8QKQZIqeNLU/5rPBJT4VwY0T2DI7z6lbZ7Tr9t\nIDl73hbOndJjcppU5Ic8VZb/cVQVVCePy0yD3rHAj/ePLlk6JPR3D+uMZTT3e9cr\nRf9uRMCfhQ8maKS4kzG10D3rjZjx31fqit7hUpMAwrnhWmLAp1v0i2IwcbnS3dq2\nO15S7M/px8HAEkfNF5Rhv1YpdAhXl8PnzONSF0oqCiGKAitISPKS0+MFSlPr0sxr\nqTHpAry35sk5JBrzmkTAOYEllrv7rdt8L6y0ilS4r5UyLePA9O65aC3TOyggsuKb\nY7mmteh7iegbITgBb8G54WqyUNdZBzSLiS9rshQDLVCDyNj/z+bjjTOA758CAwEA\nAQKCAgAFi72t6swCj51GeDsZ30WWIQECIaCCrMUW+Co1bSGotxxeCmEKocFTr8bI\n9TcYw4afQ7otw9N0IF332mWEv10JpM9JeNuDv1fY1UHqW1YWMS20E8YbGvCwKAPR\nFPfnOp7JV5hIJCR7P643VGXHtkmXpWXKRJ9htHKE1UKZTi8xi0/DaEvROn4VvsiJ\nmgjLew56hiNpLKKDAHtteSQ7g9QtogOQuuiW6enRMAMKCWU6ugauq+F1kdMmKbmp\nSsA1mPtq9NN2cL7sRQ5CGR2redSCB+MN/axrnyrS5BCEYaK7PHbW1nAwjW6qFUqz\nyRuzxK9KKiJTYvKCXEAZhrJan5CA3wyCTt0uINm38cBf/q7iiVa4hrydbvJhQtX9\n9fKfyJ8oxicYn2VWvj6CMU/7prDCx/1JDxJivs2k1LwxRh58bnSOSlHLaEJtpq1h\n4prrkL02tutlAn1tKoZGKnfn/JQt+RnJfMgMEftdImyWd4gMgWhnWrRkM1PyLXZb\nbLCWUSnQv4/E2J7DSieUmAir4+DmTCmxtHKQRIMqalxeMEjW/4Dj35Ri2W2vQK6/\nYavknf0VdNq1crFJwPsUYE1mzFA4MVpZc4Urp7ee/PiJtszGgUvZtBpwEv7ScH41\nqvOBCfH7rhu3OBa+KC+OtmjoFbCc9Bg7adlFVC0BQLcwYoB3BQKCAQEAxAoqNqpB\nD9m15qR14GOmrWKiQ5b4eS18vCh0s2RAcuPj66ZsN3F9O9LToxWuuzJsGenWE2Ow\nCyyRnsb1geOJc2tKbBzWA/8S+09HelsN87sGA1t/P+cSvmuu5UOoLQNg/ZEb6oVg\nttrK/EMxM/dU1pcx7HPedylYYvphGk/Qo1FfuqmBrRvQAXUymcSPEZ0bX2yt4PCZ\n28+sZm+oKeUp9KvbGR2GU8U44iyCvz2buGgGafKZjH09PSiaDMsHKV7s0vQI81FM\nyMN+bdIzFrt/CJY6j8ejOPoy/W1o0NLq3wQx2DWAiO9vRZ1VzTTScyts8VTfwgqD\n2b+ocG97sZCBiwKCAQEA+zD95CHNi74ET5P+Q7XcyEymmIpT+pcbnhYqwUwNeM7o\ncvUe5CHiicM4zVgtaX9QNq/Een+nmjX/8VuPF2J3gTGWcIg1T0EkNThRooE4da18\nXOCXmIwlxnr8Y3e+HZ+LqR0yWdIjiFeEeO5EjfEHjfUMUGKfDtcAJiOlYKVMT9rF\n9Sc3TrzEn1K/LeUzCpJX+I9y2/b/tI1rF3Im9eMNSjJvip/X+CX/3NkD7EYlbcNn\nsd07gaqGTgEpbu8Pwf5/SKfAUxO6+z/BWMu/Gq878bLYQOyFk1Ez9ITcT2rl4ETC\n4P7he/Lx+QMKOAnCPRIvf1Pu11cJDUu/cpmVlIVkvQKCAQA0EDMH04115S7e8xxv\nHGf+siw/4Q9aN09iNShRIDXRjV5RjiA9VUGaKrKUJEUEaC63bxewjJALV6nQziwT\nc9dkNMFOFxZrd0mWPobQIvCAo1HEgH85/GdI9RY8wwwd8EDI9snALe3yggbYmguu\nLmh0mTDkCB2z7eIQX0h8kWfqh8jxrOTIkZNbX8Gxfrc0SVIktJs1GxDxhKTXi53Q\nipDq7t1APUwYYU9rGcEbgwQhJFdXuds3qWcjH+5RqXXccd5ZZAAghp3qz6h7CBET\nX3YsVKF23+EkV6ZFEdJ9axZ/ZgDK1+Kr+1LE3TUVS4r8lTLYoN7QDLTZloHoYmMq\nVCNjAoIBAHH96KoXwPyyragjZBb8OAZZ6px84eFto6XZL2vrBI4Xb5uDq5Ih4nlc\nM7HUWz9t/Evk9ggVWEz+RnkUcNpO4CasBzZoSbD+wdy5Ayr481NL+Iz5izI6H4Z0\nF4dYNtmgprOHQWtLlr5v4Pk0P74ebKw6UW1FZCNK5JFqScmTGg9/G6jGNC4yMhSP\na5z7T29zvCJbjudNrvsT1k6cihu5/zT1sHK7WToOnI9vmH0n1CJ8s9keqbuNVEef\n9VqXeJIz2TVyky/gW1FbvHV8eOw2K8DixYqpC3EwP6CujoAn5cwhyEJsyI0EUlUL\n0R5fJ1upng5tW40zvTLgdjAejKgK5Q0CggEAPrCaIDN7E9JfDhtKvAkFmsYMDc4g\nFdm4C0iiuj0bMpsphAPxJpXcAzqQsscaQu/0xnAQp0lGjnG698OKon4jV5hiAtJ0\nb6rlzme8nsMKM6rxIre8GxLUKaHKeykwQoENp5w30kXDQbwePjfVrRY665e8FeJO\nRGw4zJ7ixPpOW6ZBCPZ/Cfe16FEocODXAu+GnfJ4EYXgLND+o5h7jioIk5ikem+p\nnFlOPV+WiUsSmcOiBKnqyOtdhfWE7Z0Z6RQ7jLpqvRgrPLSe69yu3wv/S/HaL90a\n370f7GgBxesvIviOW6HO1rYs4UR6DaEl8/0T7OCBa7dht/pjiMNvma2nsA==\n-----END RSA PRIVATE KEY-----\n",
            "private_key_pem_pkcs8": "-----BEGIN PRIVATE KEY-----\nMIIJQQIBADANBgkqhkiG9w0BAQEFAASCCSswggknAgEAAoICAQDAW3u4QdYMRz5E\nWnI6cd65j0tqgo8/yLCjS2v+jkV7vCIHAsnf/3PVEKkvfNt72bW5uvZhJNBe0MvM\n1ftpuwI8ipelg+S2wDL3aSukT3Rizg81g4N47Ve9b7RG1HB60iPmCdbpf8eONsyV\nqMMdNNAYyuGJxunByfi4xbtiq/+xN0CFU2v8P5XPv9Fx8/7ZtIdtwlhhA4w+//2O\nIjzsBjDWXT2t0w/lPfK8b/EaaSxAqUbivl/8HAHlKCXNhQwJpToMF1w76bGxAk6a\nO7e7Gwb1avo5rhZCd7GyfLO228Xb/MIxFVe5xGptD1k6TQWbHZyIfcwLSER2PxAp\nBkip40tT/ms8ElPhXBjRPYMjvPqVtntOv20gOXveFs6d0mNymlTkhzxVlv9xVBVU\nJ4/LTIPescCP948uWTok9HcP64xlNPd71ytF/25EwJ+FDyZopLiTMbXQPeuNmPHf\nV+qK3uFSkwDCueFaYsCnW/SLYjBxudLd2rY7XlLsz+nHwcASR80XlGG/Vil0CFeX\nw+fM41IXSioKIYoCK0hI8pLT4wVKU+vSzGupMekCvLfmyTkkGvOaRMA5gSWWu/ut\n23wvrLSKVLivlTIt48D07rloLdM7KCCy4ptjuaa16HuJ6BshOAFvwbnharJQ11kH\nNIuJL2uyFAMtUIPI2P/P5uONM4DvnwIDAQABAoICAAWLva3qzAKPnUZ4OxnfRZYh\nAQIhoIKsxRb4KjVtIai3HF4KYQqhwVOvxsj1NxjDhp9Dui3D03QgXffaZYS/XQmk\nz0l424O/V9jVQepbVhYxLbQTxhsa8LAoA9EU9+c6nslXmEgkJHs/rjdUZce2SZel\nZcpEn2G0coTVQplOLzGLT8NoS9E6fhW+yImaCMt7DnqGI2ksooMAe215JDuD1C2i\nA5C66Jbp6dEwAwoJZTq6Bq6r4XWR0yYpualKwDWY+2r003ZwvuxFDkIZHat51IIH\n4w39rGufKtLkEIRhors8dtbWcDCNbqoVSrPJG7PEr0oqIlNi8oJcQBmGslqfkIDf\nDIJO3S4g2bfxwF/+ruKJVriGvJ1u8mFC1f318p/InyjGJxifZVa+PoIxT/umsMLH\n/UkPEmK+zaTUvDFGHnxudI5KUctoQm2mrWHimuuQvTa262UCfW0qhkYqd+f8lC35\nGcl8yAwR+10ibJZ3iAyBaGdatGQzU/ItdltssJZRKdC/j8TYnsNKJ5SYCKvj4OZM\nKbG0cpBEgypqXF4wSNb/gOPflGLZba9Arr9hq+Sd/RV02rVysUnA+xRgTWbMUDgx\nWllzhSunt578+Im2zMaBS9m0GnAS/tJwfjWq84EJ8fuuG7c4Fr4oL462aOgVsJz0\nGDtp2UVULQFAtzBigHcFAoIBAQDECio2qkEP2bXmpHXgY6atYqJDlvh5LXy8KHSz\nZEBy4+Prpmw3cX070tOjFa67MmwZ6dYTY7ALLJGexvWB44lza0psHNYD/xL7T0d6\nWw3zuwYDW38/5xK+a67lQ6gtA2D9kRvqhWC22sr8QzEz91TWlzHsc953KVhi+mEa\nT9CjUV+6qYGtG9ABdTKZxI8RnRtfbK3g8Jnbz6xmb6gp5Sn0q9sZHYZTxTjiLIK/\nPZu4aAZp8pmMfT09KJoMywcpXuzS9AjzUUzIw35t0jMWu38IljqPx6M4+jL9bWjQ\n0urfBDHYNYCI729FnVXNNNJzK2zxVN/CCoPZv6hwb3uxkIGLAoIBAQD7MP3kIc2L\nvgRPk/5DtdzITKaYilP6lxueFirBTA14zuhy9R7kIeKJwzjNWC1pf1A2r8R6f6ea\nNf/xW48XYneBMZZwiDVPQSQ1OFGigTh1rXxc4JeYjCXGevxjd74dn4upHTJZ0iOI\nV4R47kSN8QeN9QxQYp8O1wAmI6VgpUxP2sX1JzdOvMSfUr8t5TMKklf4j3Lb9v+0\njWsXcib14w1KMm+Kn9f4Jf/c2QPsRiVtw2ex3TuBqoZOASlu7w/B/n9Ip8BTE7r7\nP8FYy78arzvxsthA7IWTUTP0hNxPauXgRMLg/uF78vH5Awo4CcI9Ei9/U+7XVwkN\nS79ymZWUhWS9AoIBADQQMwfTjXXlLt7zHG8cZ/6yLD/hD1o3T2I1KFEgNdGNXlGO\nID1VQZoqspQkRQRoLrdvF7CMkAtXqdDOLBNz12Q0wU4XFmt3SZY+htAi8ICjUcSA\nfzn8Z0j1FjzDDB3wQMj2ycAt7fKCBtiaC64uaHSZMOQIHbPt4hBfSHyRZ+qHyPGs\n5MiRk1tfwbF+tzRJUiS0mzUbEPGEpNeLndCKkOru3UA9TBhhT2sZwRuDBCEkV1e5\n2zepZyMf7lGpddxx3llkACCGnerPqHsIERNfdixUoXbf4SRXpkUR0n1rFn9mAMrX\n4qv7UsTdNRVLivyVMtig3tAMtNmWgehiYypUI2MCggEAcf3oqhfA/LKtqCNkFvw4\nBlnqnHzh4W2jpdkva+sEjhdvm4OrkiHieVwzsdRbP238S+T2CBVYTP5GeRRw2k7g\nJqwHNmhJsP7B3LkDKvjzU0v4jPmLMjofhnQXh1g22aCms4dBa0uWvm/g+TQ/vh5s\nrDpRbUVkI0rkkWpJyZMaD38bqMY0LjIyFI9rnPtPb3O8IluO502u+xPWTpyKG7n/\nNPWwcrtZOg6cj2+YfSfUInyz2R6pu41UR5/1Wpd4kjPZNXKTL+BbUVu8dXx47DYr\nwOLFiqkLcTA/oK6OgCflzCHIQmzIjQRSVQvRHl8nW6meDm1bjTO9MuB2MB6MqArl\nDQKCAQA+sJogM3sT0l8OG0q8CQWaxgwNziAV2bgLSKK6PRsymymEA/EmldwDOpCy\nxxpC7/TGcBCnSUaOcbr3w4qifiNXmGIC0nRvquXOZ7yewwozqvEit7wbEtQpocp7\nKTBCgQ2nnDfSRcNBvB4+N9WtFjrrl7wV4k5EbDjMnuLE+k5bpkEI9n8J97XoUShw\n4NcC74ad8ngRheAs0P6jmHuOKgiTmKR6b6mcWU49X5aJSxKZw6IEqerI612F9YTt\nnRnpFDuMumq9GCs8tJ7r3K7fC/9L8dov3RrfvR/saAHF6y8i+I5boc7WtizhRHoN\noSXz/RPs4IFrt2G3+mOIw2+Zraew\n-----END PRIVATE KEY-----\n",
            "public_key_fingerprint_md5": "b0:54:9e:b1:03:0e:bd:83:33:dc:2e:fd:73:02:50:88",
            "public_key_fingerprint_sha256": "SHA256:z25Wo85qcS8vSVtQYS3VfA31PemBSfC/DH6stZl9VOs",
            "public_key_openssh": "ssh-rsa AAAAB3NzaC1yc2EAAAADAQABAAACAQDAW3u4QdYMRz5EWnI6cd65j0tqgo8/yLCjS2v+jkV7vCIHAsnf/3PVEKkvfNt72bW5uvZhJNBe0MvM1ftpuwI8ipelg+S2wDL3aSukT3Rizg81g4N47Ve9b7RG1HB60iPmCdbpf8eONsyVqMMdNNAYyuGJxunByfi4xbtiq/+xN0CFU2v8P5XPv9Fx8/7ZtIdtwlhhA4w+//2OIjzsBjDWXT2t0w/lPfK8b/EaaSxAqUbivl/8HAHlKCXNhQwJpToMF1w76bGxAk6aO7e7Gwb1avo5rhZCd7GyfLO228Xb/MIxFVe5xGptD1k6TQWbHZyIfcwLSER2PxApBkip40tT/ms8ElPhXBjRPYMjvPqVtntOv20gOXveFs6d0mNymlTkhzxVlv9xVBVUJ4/LTIPescCP948uWTok9HcP64xlNPd71ytF/25EwJ+FDyZopLiTMbXQPeuNmPHfV+qK3uFSkwDCueFaYsCnW/SLYjBxudLd2rY7XlLsz+nHwcASR80XlGG/Vil0CFeXw+fM41IXSioKIYoCK0hI8pLT4wVKU+vSzGupMekCvLfmyTkkGvOaRMA5gSWWu/ut23wvrLSKVLivlTIt48D07rloLdM7KCCy4ptjuaa16HuJ6BshOAFvwbnharJQ11kHNIuJL2uyFAMtUIPI2P/P5uONM4Dvnw==\n",
            "public_key_pem": "-----BEGIN PUBLIC KEY-----\nMIICIjANBgkqhkiG9w0BAQEFAAOCAg8AMIICCgKCAgEAwFt7uEHWDEc+RFpyOnHe\nuY9LaoKPP8iwo0tr/o5Fe7wiBwLJ3/9z1RCpL3zbe9m1ubr2YSTQXtDLzNX7absC\nPIqXpYPktsAy92krpE90Ys4PNYODeO1XvW+0RtRwetIj5gnW6X/HjjbMlajDHTTQ\nGMrhicbpwcn4uMW7Yqv/sTdAhVNr/D+Vz7/RcfP+2bSHbcJYYQOMPv/9jiI87AYw\n1l09rdMP5T3yvG/xGmksQKlG4r5f/BwB5SglzYUMCaU6DBdcO+mxsQJOmju3uxsG\n9Wr6Oa4WQnexsnyzttvF2/zCMRVXucRqbQ9ZOk0Fmx2ciH3MC0hEdj8QKQZIqeNL\nU/5rPBJT4VwY0T2DI7z6lbZ7Tr9tIDl73hbOndJjcppU5Ic8VZb/cVQVVCePy0yD\n3rHAj/ePLlk6JPR3D+uMZTT3e9crRf9uRMCfhQ8maKS4kzG10D3rjZjx31fqit7h\nUpMAwrnhWmLAp1v0i2IwcbnS3dq2O15S7M/px8HAEkfNF5Rhv1YpdAhXl8PnzONS\nF0oqCiGKAitISPKS0+MFSlPr0sxrqTHpAry35sk5JBrzmkTAOYEllrv7rdt8L6y0\nilS4r5UyLePA9O65aC3TOyggsuKbY7mmteh7iegbITgBb8G54WqyUNdZBzSLiS9r\nshQDLVCDyNj/z+bjjTOA758CAwEAAQ==\n-----END PUBLIC KEY-----\n",
            "rsa_bits": 4096
          },
          "sensitive_attributes": [
            [
              {
                "type": "get_attr",
                "value": "private_key_openssh"
              }
            ],
            [
              {
                "type": "get_attr",
                "value": "private_key_pem"
              }
            ],
            [
              {
                "type": "get_attr",
                "value": "private_key_pem_pkcs8"
              }
            ]
          ],
          "identity_schema_version": 0
        }
      ]
    },
    {
      "module": "module.master",
      "mode": "managed",
      "type": "aws_iam_instance_profile",
      "name": "this",
      "provider": "provider[\"registry.terraform.io/hashicorp/aws\"]",
      "instances": [
        {
          "schema_version": 0,
          "attributes": {
            "arn": "arn:aws:iam::467389992117:instance-profile/k8s-master-node-ec2-profile",
            "create_date": "2025-08-05T19:19:35Z",
            "id": "k8s-master-node-ec2-profile",
            "name": "k8s-master-node-ec2-profile",
            "name_prefix": "",
            "path": "/",
            "role": "k8s-master-node-ec2-role",
            "tags": null,
            "tags_all": {},
            "unique_id": "AIPAWZUU5JS2WS2FWSHAU"
          },
          "sensitive_attributes": [],
          "identity_schema_version": 0,
          "private": "bnVsbA==",
          "dependencies": [
            "module.master.aws_iam_role.ec2_instance_role"
          ]
        }
      ]
    },
    {
      "module": "module.master",
      "mode": "managed",
      "type": "aws_iam_role",
      "name": "ec2_instance_role",
      "provider": "provider[\"registry.terraform.io/hashicorp/aws\"]",
      "instances": [
        {
          "schema_version": 0,
          "attributes": {
            "arn": "arn:aws:iam::467389992117:role/k8s-master-node-ec2-role",
            "assume_role_policy": "{\"Statement\":[{\"Action\":\"sts:AssumeRole\",\"Effect\":\"Allow\",\"Principal\":{\"Service\":\"ec2.amazonaws.com\"}}],\"Version\":\"2012-10-17\"}",
            "create_date": "2025-08-05T19:19:35Z",
            "description": "",
            "force_detach_policies": false,
            "id": "k8s-master-node-ec2-role",
            "inline_policy": [],
            "managed_policy_arns": [],
            "max_session_duration": 3600,
            "name": "k8s-master-node-ec2-role",
            "name_prefix": "",
            "path": "/",
            "permissions_boundary": "",
            "tags": null,
            "tags_all": {},
            "unique_id": "AROAWZUU5JS2RGQAATO55"
          },
          "sensitive_attributes": [],
          "identity_schema_version": 0,
          "identity": {
            "account_id": "467389992117",
            "name": "k8s-master-node-ec2-role"
          },
          "private": "bnVsbA=="
        }
      ]
    },
    {
      "module": "module.master",
      "mode": "managed",
      "type": "aws_iam_role_policy_attachment",
      "name": "ec2_attach_policy",
      "provider": "provider[\"registry.terraform.io/hashicorp/aws\"]",
      "instances": [
        {
          "schema_version": 0,
          "attributes": {
            "id": "k8s-master-node-ec2-role/arn:aws:iam::aws:policy/AdministratorAccess",
            "policy_arn": "arn:aws:iam::aws:policy/AdministratorAccess",
            "role": "k8s-master-node-ec2-role"
          },
          "sensitive_attributes": [],
          "identity_schema_version": 0,
          "identity": {
            "account_id": "467389992117",
            "policy_arn": "arn:aws:iam::aws:policy/AdministratorAccess",
            "role": "k8s-master-node-ec2-role"
          },
          "private": "bnVsbA==",
          "dependencies": [
            "module.master.aws_iam_role.ec2_instance_role"
          ]
        }
      ]
    },
    {
      "module": "module.master",
      "mode": "managed",
      "type": "aws_instance",
      "name": "this",
      "provider": "provider[\"registry.terraform.io/hashicorp/aws\"]",
      "instances": [
        {
          "schema_version": 2,
          "attributes": {
            "ami": "ami-020cba7c55df1f615",
            "arn": "arn:aws:ec2:us-east-1:467389992117:instance/i-0146b9a94c8166fab",
            "associate_public_ip_address": true,
            "availability_zone": "us-east-1a",
            "capacity_reservation_specification": [
              {
                "capacity_reservation_preference": "open",
                "capacity_reservation_target": []
              }
            ],
            "cpu_options": [
              {
                "amd_sev_snp": "",
                "core_count": 1,
                "threads_per_core": 2
              }
            ],
            "credit_specification": [
              {
                "cpu_credits": "unlimited"
              }
            ],
            "disable_api_stop": false,
            "disable_api_termination": false,
            "ebs_block_device": [],
            "ebs_optimized": false,
            "enable_primary_ipv6": null,
            "enclave_options": [
              {
                "enabled": false
              }
            ],
            "ephemeral_block_device": [],
            "get_password_data": false,
            "hibernation": false,
            "host_id": "",
            "host_resource_group_arn": null,
            "iam_instance_profile": "k8s-master-node-ec2-profile",
            "id": "i-0146b9a94c8166fab",
            "instance_initiated_shutdown_behavior": "stop",
            "instance_lifecycle": "",
            "instance_market_options": [],
            "instance_state": "running",
            "instance_type": "t3a.medium",
            "ipv6_address_count": 0,
            "ipv6_addresses": [],
            "key_name": "devops-keypem-ansible",
            "launch_template": [],
            "maintenance_options": [
              {
                "auto_recovery": "default"
              }
            ],
            "metadata_options": [
              {
                "http_endpoint": "enabled",
                "http_protocol_ipv6": "disabled",
                "http_put_response_hop_limit": 2,
                "http_tokens": "required",
                "instance_metadata_tags": "disabled"
              }
            ],
            "monitoring": false,
            "network_interface": [],
            "outpost_arn": "",
            "password_data": "",
            "placement_group": "",
            "placement_partition_number": 0,
            "primary_network_interface_id": "eni-04ce005ea1030e41f",
            "private_dns": "ip-172-31-93-18.ec2.internal",
            "private_dns_name_options": [
              {
                "enable_resource_name_dns_a_record": false,
                "enable_resource_name_dns_aaaa_record": false,
                "hostname_type": "ip-name"
              }
            ],
            "private_ip": "172.31.93.18",
            "public_dns": "ec2-3-94-90-8.compute-1.amazonaws.com",
            "public_ip": "3.94.90.8",
            "region": "us-east-1",
            "root_block_device": [
              {
                "delete_on_termination": true,
                "device_name": "/dev/sda1",
                "encrypted": false,
                "iops": 3000,
                "kms_key_id": "",
                "tags": null,
                "tags_all": {},
                "throughput": 125,
                "volume_id": "vol-0247c7f492ff11419",
                "volume_size": 100,
                "volume_type": "gp3"
              }
            ],
            "secondary_private_ips": [],
            "security_groups": [
              "K8S-CLUSTER-sg"
            ],
            "source_dest_check": true,
            "spot_instance_request_id": "",
            "subnet_id": "subnet-0347c9e6f3d831083",
            "tags": {
              "Id": "1",
              "Name": "k8s-master-node-ec2",
              "Project": "tera-kube-ans",
              "Role": "master",
              "environment": "dev",
              "name": "kube-master"
            },
            "tags_all": {
              "Id": "1",
              "Name": "k8s-master-node-ec2",
              "Project": "tera-kube-ans",
              "Role": "master",
              "environment": "dev",
              "name": "kube-master"
            },
            "tenancy": "default",
            "timeouts": null,
            "user_data": "#!/bin/bash\nset -euxo pipefail\n\n# 1. Hostname\nhostnamectl set-hostname k8s-master\n\n# 2. Kernel modülleri ve sysctl ayarları\nmodprobe overlay\nmodprobe br_netfilter\n\ncat \u003c\u003cEOF | tee /etc/modules-load.d/k8s.conf\noverlay\nbr_netfilter\nEOF\n\ncat \u003c\u003cEOF | tee /etc/sysctl.d/k8s.conf\nnet.bridge.bridge-nf-call-iptables  = 1\nnet.bridge.bridge-nf-call-ip6tables = 1\nnet.ipv4.ip_forward                 = 1\nEOF\n\nsysctl --system\n\n# 3. Swap kapatma\nswapoff -a\nsed -i '/ swap / s/^\\(.*\\)$/#\\1/g' /etc/fstab\n\n# 4. Containerd kurulumu\ncurl -fsSL https://download.docker.com/linux/ubuntu/gpg | gpg --dearmor -o /usr/share/keyrings/docker.gpg\necho \"deb [arch=$(dpkg --print-architecture) signed-by=/usr/share/keyrings/docker.gpg] https://download.docker.com/linux/ubuntu $(lsb_release -cs) stable\" | tee /etc/apt/sources.list.d/docker.list \u003e /dev/null\n\napt update\napt install -y containerd.io\n\nsystemctl daemon-reexec\nsystemctl enable --now containerd\n\nmkdir -p /etc/containerd\ncontainerd config default | tee /etc/containerd/config.toml\n\n# SystemdCgroup true yapılır\nsed -i 's/SystemdCgroup = false/SystemdCgroup = true/' /etc/containerd/config.toml\n\nsystemctl restart containerd\n\n# 5. Kubeadm, Kubelet, Kubectl kurulumu\napt-get update\napt-get install -y apt-transport-https ca-certificates curl\n\nmkdir -p /etc/apt/keyrings\ncurl -fsSL https://pkgs.k8s.io/core:/stable:/v1.32/deb/Release.key | gpg --dearmor -o /etc/apt/keyrings/kubernetes-apt-keyring.gpg\n\necho 'deb [signed-by=/etc/apt/keyrings/kubernetes-apt-keyring.gpg] https://pkgs.k8s.io/core:/stable:/v1.32/deb/ /' | tee /etc/apt/sources.list.d/kubernetes.list\n\napt-get update\napt-get install -y kubelet kubeadm kubectl\napt-mark hold kubelet kubeadm kubectl\n\n\n########################################\n# 6. Master Node Kurulumu\n########################################\n# Private IP adresini al\nMASTER_IP=$(hostname -I | awk '{print $1}')\n\n# Kubernetes gerekli container imajlarını çek\nkubeadm config images pull\n\n# Master node init\nkubeadm init \\\n  --pod-network-cidr=10.244.0.0/16 \\\n  --apiserver-advertise-address=\"${MASTER_IP}\" \\\n  --control-plane-endpoint=\"${MASTER_IP}\"\n\n########################################\n# 7. Kubectl erişimi için config ayarları\n########################################\n\nmkdir -p /root/.kube\ncp -i /etc/kubernetes/admin.conf /root/.kube/config\nchown root:root /root/.kube/config\n\nmkdir -p /home/ubuntu/.kube\ncp /etc/kubernetes/admin.conf /home/ubuntu/.kube/config\nchown ubuntu:ubuntu /home/ubuntu/.kube/config\n\nexport KUBECONFIG=/home/ubuntu/.kube/config\n\n\n# Flannel CNI kurulumu\nsudo -u ubuntu KUBECONFIG=/home/ubuntu/.kube/config kubectl apply -f https://raw.githubusercontent.com/flannel-io/flannel/master/Documentation/kube-flannel.yml\n\n# Token komutunun hazır olması için kısa bekleme\nsleep 20\n\n# Join komutunu sakla\nkubeadm token create --print-join-command \u003e /root/kubeadm_join_cmd.sh\nchmod +x /root/kubeadm_join_cmd.sh\necho \"Worker node eklemek için şu komutu: bash /root/kubeadm_join_cmd.sh\"",
            "user_data_base64": null,
            "user_data_replace_on_change": false,
            "volume_tags": null,
            "vpc_security_group_ids": [
              "sg-0191773d760b0b1ee"
            ]
          },
          "sensitive_attributes": [],
          "identity_schema_version": 0,
          "private": "eyJlMmJmYjczMC1lY2FhLTExZTYtOGY4OC0zNDM2M2JjN2M0YzAiOnsiY3JlYXRlIjo2MDAwMDAwMDAwMDAsImRlbGV0ZSI6MTIwMDAwMDAwMDAwMCwicmVhZCI6OTAwMDAwMDAwMDAwLCJ1cGRhdGUiOjYwMDAwMDAwMDAwMH0sInNjaGVtYV92ZXJzaW9uIjoiMiJ9",
          "dependencies": [
            "aws_key_pair.generated_key",
            "aws_security_group.ec2_sg",
            "module.master.aws_iam_instance_profile.this",
            "module.master.aws_iam_role.ec2_instance_role",
            "tls_private_key.ssh_key"
          ]
        }
      ]
    },
    {
      "module": "module.worker_1",
      "mode": "managed",
      "type": "aws_iam_instance_profile",
      "name": "this",
      "provider": "provider[\"registry.terraform.io/hashicorp/aws\"]",
      "instances": [
        {
          "schema_version": 0,
          "attributes": {
            "arn": "arn:aws:iam::467389992117:instance-profile/k8s-worker1-node-ec2-profile",
            "create_date": "2025-08-05T19:19:56Z",
            "id": "k8s-worker1-node-ec2-profile",
            "name": "k8s-worker1-node-ec2-profile",
            "name_prefix": "",
            "path": "/",
            "role": "k8s-worker1-node-ec2-role",
            "tags": null,
            "tags_all": {},
            "unique_id": "AIPAWZUU5JS2ZRHCAPYZ6"
          },
          "sensitive_attributes": [],
          "identity_schema_version": 0,
          "private": "bnVsbA==",
          "dependencies": [
            "aws_key_pair.generated_key",
            "aws_security_group.ec2_sg",
            "module.master.aws_iam_instance_profile.this",
            "module.master.aws_iam_role.ec2_instance_role",
            "module.master.aws_iam_role_policy_attachment.ec2_attach_policy",
            "module.master.aws_instance.this",
            "module.worker_1.aws_iam_role.ec2_instance_role",
            "tls_private_key.ssh_key"
          ]
        }
      ]
    },
    {
      "module": "module.worker_1",
      "mode": "managed",
      "type": "aws_iam_role",
      "name": "ec2_instance_role",
      "provider": "provider[\"registry.terraform.io/hashicorp/aws\"]",
      "instances": [
        {
          "schema_version": 0,
          "attributes": {
            "arn": "arn:aws:iam::467389992117:role/k8s-worker1-node-ec2-role",
            "assume_role_policy": "{\"Statement\":[{\"Action\":\"sts:AssumeRole\",\"Effect\":\"Allow\",\"Principal\":{\"Service\":\"ec2.amazonaws.com\"}}],\"Version\":\"2012-10-17\"}",
            "create_date": "2025-08-05T19:19:56Z",
            "description": "",
            "force_detach_policies": false,
            "id": "k8s-worker1-node-ec2-role",
            "inline_policy": [],
            "managed_policy_arns": [],
            "max_session_duration": 3600,
            "name": "k8s-worker1-node-ec2-role",
            "name_prefix": "",
            "path": "/",
            "permissions_boundary": "",
            "tags": null,
            "tags_all": {},
            "unique_id": "AROAWZUU5JS2RTP4WPPAT"
          },
          "sensitive_attributes": [],
          "identity_schema_version": 0,
          "identity": {
            "account_id": "467389992117",
            "name": "k8s-worker1-node-ec2-role"
          },
          "private": "bnVsbA==",
          "dependencies": [
            "aws_key_pair.generated_key",
            "aws_security_group.ec2_sg",
            "module.master.aws_iam_instance_profile.this",
            "module.master.aws_iam_role.ec2_instance_role",
            "module.master.aws_iam_role_policy_attachment.ec2_attach_policy",
            "module.master.aws_instance.this",
            "tls_private_key.ssh_key"
          ]
        }
      ]
    },
    {
      "module": "module.worker_1",
      "mode": "managed",
      "type": "aws_iam_role_policy_attachment",
      "name": "ec2_attach_policy",
      "provider": "provider[\"registry.terraform.io/hashicorp/aws\"]",
      "instances": [
        {
          "schema_version": 0,
          "attributes": {
            "id": "k8s-worker1-node-ec2-role/arn:aws:iam::aws:policy/AdministratorAccess",
            "policy_arn": "arn:aws:iam::aws:policy/AdministratorAccess",
            "role": "k8s-worker1-node-ec2-role"
          },
          "sensitive_attributes": [],
          "identity_schema_version": 0,
          "identity": {
            "account_id": "467389992117",
            "policy_arn": "arn:aws:iam::aws:policy/AdministratorAccess",
            "role": "k8s-worker1-node-ec2-role"
          },
          "private": "bnVsbA==",
          "dependencies": [
            "aws_key_pair.generated_key",
            "aws_security_group.ec2_sg",
            "module.master.aws_iam_instance_profile.this",
            "module.master.aws_iam_role.ec2_instance_role",
            "module.master.aws_iam_role_policy_attachment.ec2_attach_policy",
            "module.master.aws_instance.this",
            "module.worker_1.aws_iam_role.ec2_instance_role",
            "tls_private_key.ssh_key"
          ]
        }
      ]
    },
    {
      "module": "module.worker_1",
      "mode": "managed",
      "type": "aws_instance",
      "name": "this",
      "provider": "provider[\"registry.terraform.io/hashicorp/aws\"]",
      "instances": [
        {
          "schema_version": 2,
          "attributes": {
            "ami": "ami-020cba7c55df1f615",
            "arn": "arn:aws:ec2:us-east-1:467389992117:instance/i-0da4c8afe3fa33935",
            "associate_public_ip_address": true,
            "availability_zone": "us-east-1a",
            "capacity_reservation_specification": [
              {
                "capacity_reservation_preference": "open",
                "capacity_reservation_target": []
              }
            ],
            "cpu_options": [
              {
                "amd_sev_snp": "",
                "core_count": 1,
                "threads_per_core": 2
              }
            ],
            "credit_specification": [
              {
                "cpu_credits": "unlimited"
              }
            ],
            "disable_api_stop": false,
            "disable_api_termination": false,
            "ebs_block_device": [],
            "ebs_optimized": false,
            "enable_primary_ipv6": null,
            "enclave_options": [
              {
                "enabled": false
              }
            ],
            "ephemeral_block_device": [],
            "get_password_data": false,
            "hibernation": false,
            "host_id": "",
            "host_resource_group_arn": null,
            "iam_instance_profile": "k8s-worker1-node-ec2-profile",
            "id": "i-0da4c8afe3fa33935",
            "instance_initiated_shutdown_behavior": "stop",
            "instance_lifecycle": "",
            "instance_market_options": [],
            "instance_state": "running",
            "instance_type": "t3a.medium",
            "ipv6_address_count": 0,
            "ipv6_addresses": [],
            "key_name": "devops-keypem-ansible",
            "launch_template": [],
            "maintenance_options": [
              {
                "auto_recovery": "default"
              }
            ],
            "metadata_options": [
              {
                "http_endpoint": "enabled",
                "http_protocol_ipv6": "disabled",
                "http_put_response_hop_limit": 2,
                "http_tokens": "required",
                "instance_metadata_tags": "disabled"
              }
            ],
            "monitoring": false,
            "network_interface": [],
            "outpost_arn": "",
            "password_data": "",
            "placement_group": "",
            "placement_partition_number": 0,
            "primary_network_interface_id": "eni-03d6de863392e29fb",
            "private_dns": "ip-172-31-95-49.ec2.internal",
            "private_dns_name_options": [
              {
                "enable_resource_name_dns_a_record": false,
                "enable_resource_name_dns_aaaa_record": false,
                "hostname_type": "ip-name"
              }
            ],
            "private_ip": "172.31.95.49",
            "public_dns": "ec2-54-175-124-14.compute-1.amazonaws.com",
            "public_ip": "54.175.124.14",
            "region": "us-east-1",
            "root_block_device": [
              {
                "delete_on_termination": true,
                "device_name": "/dev/sda1",
                "encrypted": false,
                "iops": 3000,
                "kms_key_id": "",
                "tags": null,
                "tags_all": {},
                "throughput": 125,
                "volume_id": "vol-061b68bb388ccd7ca",
                "volume_size": 100,
                "volume_type": "gp3"
              }
            ],
            "secondary_private_ips": [],
            "security_groups": [
              "K8S-CLUSTER-sg"
            ],
            "source_dest_check": true,
            "spot_instance_request_id": "",
            "subnet_id": "subnet-0347c9e6f3d831083",
            "tags": {
              "Id": "1",
              "Name": "k8s-worker1-node-ec2",
              "Project": "tera-kube-ans",
              "Role": "worker",
              "environment": "dev",
              "name": "worker-1"
            },
            "tags_all": {
              "Id": "1",
              "Name": "k8s-worker1-node-ec2",
              "Project": "tera-kube-ans",
              "Role": "worker",
              "environment": "dev",
              "name": "worker-1"
            },
            "tenancy": "default",
            "timeouts": null,
            "user_data": "#!/bin/bash\nset -euxo pipefail\n\n# 1. Hostname\nhostnamectl set-hostname k8s-worker-1\n\n# 2. Kernel modülleri ve sysctl ayarları\nmodprobe overlay\nmodprobe br_netfilter\n\ncat \u003c\u003cEOF | tee /etc/modules-load.d/k8s.conf\noverlay\nbr_netfilter\nEOF\n\ncat \u003c\u003cEOF | tee /etc/sysctl.d/k8s.conf\nnet.bridge.bridge-nf-call-iptables  = 1\nnet.bridge.bridge-nf-call-ip6tables = 1\nnet.ipv4.ip_forward                 = 1\nEOF\n\nsysctl --system\n\n# 3. Swap kapatma\nswapoff -a\nsed -i '/ swap / s/^\\(.*\\)$/#\\1/g' /etc/fstab\n\n# 4. Containerd kurulumu\ncurl -fsSL https://download.docker.com/linux/ubuntu/gpg | gpg --dearmor -o /usr/share/keyrings/docker.gpg\necho \"deb [arch=$(dpkg --print-architecture) signed-by=/usr/share/keyrings/docker.gpg] https://download.docker.com/linux/ubuntu $(lsb_release -cs) stable\" | tee /etc/apt/sources.list.d/docker.list \u003e /dev/null\n\napt update\napt install -y containerd.io\n\nsystemctl daemon-reexec\nsystemctl enable --now containerd\n\nmkdir -p /etc/containerd\ncontainerd config default | tee /etc/containerd/config.toml\n\n# SystemdCgroup true yapılır\nsed -i 's/SystemdCgroup = false/SystemdCgroup = true/' /etc/containerd/config.toml\n\nsystemctl restart containerd\n\n# 5. Kubeadm, Kubelet, Kubectl kurulumu\napt-get update\napt-get install -y apt-transport-https ca-certificates curl\n\nmkdir -p /etc/apt/keyrings\ncurl -fsSL https://pkgs.k8s.io/core:/stable:/v1.32/deb/Release.key | gpg --dearmor -o /etc/apt/keyrings/kubernetes-apt-keyring.gpg\n\necho 'deb [signed-by=/etc/apt/keyrings/kubernetes-apt-keyring.gpg] https://pkgs.k8s.io/core:/stable:/v1.32/deb/ /' | tee /etc/apt/sources.list.d/kubernetes.list\n\napt-get update\napt-get install -y kubelet kubeadm kubectl\napt-mark hold kubelet kubeadm kubectl",
            "user_data_base64": null,
            "user_data_replace_on_change": false,
            "volume_tags": null,
            "vpc_security_group_ids": [
              "sg-0191773d760b0b1ee"
            ]
          },
          "sensitive_attributes": [],
          "identity_schema_version": 0,
          "private": "eyJlMmJmYjczMC1lY2FhLTExZTYtOGY4OC0zNDM2M2JjN2M0YzAiOnsiY3JlYXRlIjo2MDAwMDAwMDAwMDAsImRlbGV0ZSI6MTIwMDAwMDAwMDAwMCwicmVhZCI6OTAwMDAwMDAwMDAwLCJ1cGRhdGUiOjYwMDAwMDAwMDAwMH0sInNjaGVtYV92ZXJzaW9uIjoiMiJ9",
          "dependencies": [
            "aws_key_pair.generated_key",
            "aws_security_group.ec2_sg",
            "module.master.aws_iam_instance_profile.this",
            "module.master.aws_iam_role.ec2_instance_role",
            "module.master.aws_iam_role_policy_attachment.ec2_attach_policy",
            "module.master.aws_instance.this",
            "module.worker_1.aws_iam_instance_profile.this",
            "module.worker_1.aws_iam_role.ec2_instance_role",
            "tls_private_key.ssh_key"
          ]
        }
      ]
    },
    {
      "module": "module.worker_2",
      "mode": "managed",
      "type": "aws_iam_instance_profile",
      "name": "this",
      "provider": "provider[\"registry.terraform.io/hashicorp/aws\"]",
      "instances": [
        {
          "schema_version": 0,
          "attributes": {
            "arn": "arn:aws:iam::467389992117:instance-profile/k8s-worker2-node-ec2-profile",
            "create_date": "2025-08-05T19:20:18Z",
            "id": "k8s-worker2-node-ec2-profile",
            "name": "k8s-worker2-node-ec2-profile",
            "name_prefix": "",
            "path": "/",
            "role": "k8s-worker2-node-ec2-role",
            "tags": null,
            "tags_all": {},
            "unique_id": "AIPAWZUU5JS26N3QUSPHN"
          },
          "sensitive_attributes": [],
          "identity_schema_version": 0,
          "private": "bnVsbA==",
          "dependencies": [
            "aws_key_pair.generated_key",
            "aws_security_group.ec2_sg",
            "module.master.aws_iam_instance_profile.this",
            "module.master.aws_iam_role.ec2_instance_role",
            "module.master.aws_iam_role_policy_attachment.ec2_attach_policy",
            "module.master.aws_instance.this",
            "module.worker_1.aws_iam_instance_profile.this",
            "module.worker_1.aws_iam_role.ec2_instance_role",
            "module.worker_1.aws_iam_role_policy_attachment.ec2_attach_policy",
            "module.worker_1.aws_instance.this",
            "module.worker_2.aws_iam_role.ec2_instance_role",
            "tls_private_key.ssh_key"
          ]
        }
      ]
    },
    {
      "module": "module.worker_2",
      "mode": "managed",
      "type": "aws_iam_role",
      "name": "ec2_instance_role",
      "provider": "provider[\"registry.terraform.io/hashicorp/aws\"]",
      "instances": [
        {
          "schema_version": 0,
          "attributes": {
            "arn": "arn:aws:iam::467389992117:role/k8s-worker2-node-ec2-role",
            "assume_role_policy": "{\"Statement\":[{\"Action\":\"sts:AssumeRole\",\"Effect\":\"Allow\",\"Principal\":{\"Service\":\"ec2.amazonaws.com\"}}],\"Version\":\"2012-10-17\"}",
            "create_date": "2025-08-05T19:20:18Z",
            "description": "",
            "force_detach_policies": false,
            "id": "k8s-worker2-node-ec2-role",
            "inline_policy": [],
            "managed_policy_arns": [],
            "max_session_duration": 3600,
            "name": "k8s-worker2-node-ec2-role",
            "name_prefix": "",
            "path": "/",
            "permissions_boundary": "",
            "tags": null,
            "tags_all": {},
            "unique_id": "AROAWZUU5JS2QLQWP6GCI"
          },
          "sensitive_attributes": [],
          "identity_schema_version": 0,
          "identity": {
            "account_id": "467389992117",
            "name": "k8s-worker2-node-ec2-role"
          },
          "private": "bnVsbA==",
          "dependencies": [
            "aws_key_pair.generated_key",
            "aws_security_group.ec2_sg",
            "module.master.aws_iam_instance_profile.this",
            "module.master.aws_iam_role.ec2_instance_role",
            "module.master.aws_iam_role_policy_attachment.ec2_attach_policy",
            "module.master.aws_instance.this",
            "module.worker_1.aws_iam_instance_profile.this",
            "module.worker_1.aws_iam_role.ec2_instance_role",
            "module.worker_1.aws_iam_role_policy_attachment.ec2_attach_policy",
            "module.worker_1.aws_instance.this",
            "tls_private_key.ssh_key"
          ]
        }
      ]
    },
    {
      "module": "module.worker_2",
      "mode": "managed",
      "type": "aws_iam_role_policy_attachment",
      "name": "ec2_attach_policy",
      "provider": "provider[\"registry.terraform.io/hashicorp/aws\"]",
      "instances": [
        {
          "schema_version": 0,
          "attributes": {
            "id": "k8s-worker2-node-ec2-role/arn:aws:iam::aws:policy/AdministratorAccess",
            "policy_arn": "arn:aws:iam::aws:policy/AdministratorAccess",
            "role": "k8s-worker2-node-ec2-role"
          },
          "sensitive_attributes": [],
          "identity_schema_version": 0,
          "identity": {
            "account_id": "467389992117",
            "policy_arn": "arn:aws:iam::aws:policy/AdministratorAccess",
            "role": "k8s-worker2-node-ec2-role"
          },
          "private": "bnVsbA==",
          "dependencies": [
            "aws_key_pair.generated_key",
            "aws_security_group.ec2_sg",
            "module.master.aws_iam_instance_profile.this",
            "module.master.aws_iam_role.ec2_instance_role",
            "module.master.aws_iam_role_policy_attachment.ec2_attach_policy",
            "module.master.aws_instance.this",
            "module.worker_1.aws_iam_instance_profile.this",
            "module.worker_1.aws_iam_role.ec2_instance_role",
            "module.worker_1.aws_iam_role_policy_attachment.ec2_attach_policy",
            "module.worker_1.aws_instance.this",
            "module.worker_2.aws_iam_role.ec2_instance_role",
            "tls_private_key.ssh_key"
          ]
        }
      ]
    },
    {
      "module": "module.worker_2",
      "mode": "managed",
      "type": "aws_instance",
      "name": "this",
      "provider": "provider[\"registry.terraform.io/hashicorp/aws\"]",
      "instances": [
        {
          "schema_version": 2,
          "attributes": {
            "ami": "ami-020cba7c55df1f615",
            "arn": "arn:aws:ec2:us-east-1:467389992117:instance/i-061b32a29abb3aa1f",
            "associate_public_ip_address": true,
            "availability_zone": "us-east-1a",
            "capacity_reservation_specification": [
              {
                "capacity_reservation_preference": "open",
                "capacity_reservation_target": []
              }
            ],
            "cpu_options": [
              {
                "amd_sev_snp": "",
                "core_count": 1,
                "threads_per_core": 2
              }
            ],
            "credit_specification": [
              {
                "cpu_credits": "unlimited"
              }
            ],
            "disable_api_stop": false,
            "disable_api_termination": false,
            "ebs_block_device": [],
            "ebs_optimized": false,
            "enable_primary_ipv6": null,
            "enclave_options": [
              {
                "enabled": false
              }
            ],
            "ephemeral_block_device": [],
            "get_password_data": false,
            "hibernation": false,
            "host_id": "",
            "host_resource_group_arn": null,
            "iam_instance_profile": "k8s-worker2-node-ec2-profile",
            "id": "i-061b32a29abb3aa1f",
            "instance_initiated_shutdown_behavior": "stop",
            "instance_lifecycle": "",
            "instance_market_options": [],
            "instance_state": "running",
            "instance_type": "t3a.medium",
            "ipv6_address_count": 0,
            "ipv6_addresses": [],
            "key_name": "devops-keypem-ansible",
            "launch_template": [],
            "maintenance_options": [
              {
                "auto_recovery": "default"
              }
            ],
            "metadata_options": [
              {
                "http_endpoint": "enabled",
                "http_protocol_ipv6": "disabled",
                "http_put_response_hop_limit": 2,
                "http_tokens": "required",
                "instance_metadata_tags": "disabled"
              }
            ],
            "monitoring": false,
            "network_interface": [],
            "outpost_arn": "",
            "password_data": "",
            "placement_group": "",
            "placement_partition_number": 0,
            "primary_network_interface_id": "eni-0741113cf8419fa79",
            "private_dns": "ip-172-31-93-144.ec2.internal",
            "private_dns_name_options": [
              {
                "enable_resource_name_dns_a_record": false,
                "enable_resource_name_dns_aaaa_record": false,
                "hostname_type": "ip-name"
              }
            ],
            "private_ip": "172.31.93.144",
            "public_dns": "ec2-54-211-235-112.compute-1.amazonaws.com",
            "public_ip": "54.211.235.112",
            "region": "us-east-1",
            "root_block_device": [
              {
                "delete_on_termination": true,
                "device_name": "/dev/sda1",
                "encrypted": false,
                "iops": 3000,
                "kms_key_id": "",
                "tags": null,
                "tags_all": {},
                "throughput": 125,
                "volume_id": "vol-00abd0e2f8f52f230",
                "volume_size": 100,
                "volume_type": "gp3"
              }
            ],
            "secondary_private_ips": [],
            "security_groups": [
              "K8S-CLUSTER-sg"
            ],
            "source_dest_check": true,
            "spot_instance_request_id": "",
            "subnet_id": "subnet-0347c9e6f3d831083",
            "tags": {
              "Id": "2",
              "Name": "k8s-worker2-node-ec2",
              "Project": "tera-kube-ans",
              "Role": "worker",
              "environment": "dev",
              "name": "worker-2"
            },
            "tags_all": {
              "Id": "2",
              "Name": "k8s-worker2-node-ec2",
              "Project": "tera-kube-ans",
              "Role": "worker",
              "environment": "dev",
              "name": "worker-2"
            },
            "tenancy": "default",
            "timeouts": null,
            "user_data": "#!/bin/bash\nset -euxo pipefail\n\n# 1. Hostname\nhostnamectl set-hostname k8s-worker-2\n\n# 2. Kernel modülleri ve sysctl ayarları\nmodprobe overlay\nmodprobe br_netfilter\n\ncat \u003c\u003cEOF | tee /etc/modules-load.d/k8s.conf\noverlay\nbr_netfilter\nEOF\n\ncat \u003c\u003cEOF | tee /etc/sysctl.d/k8s.conf\nnet.bridge.bridge-nf-call-iptables  = 1\nnet.bridge.bridge-nf-call-ip6tables = 1\nnet.ipv4.ip_forward                 = 1\nEOF\n\nsysctl --system\n\n# 3. Swap kapatma\nswapoff -a\nsed -i '/ swap / s/^\\(.*\\)$/#\\1/g' /etc/fstab\n\n# 4. Containerd kurulumu\ncurl -fsSL https://download.docker.com/linux/ubuntu/gpg | gpg --dearmor -o /usr/share/keyrings/docker.gpg\necho \"deb [arch=$(dpkg --print-architecture) signed-by=/usr/share/keyrings/docker.gpg] https://download.docker.com/linux/ubuntu $(lsb_release -cs) stable\" | tee /etc/apt/sources.list.d/docker.list \u003e /dev/null\n\napt update\napt install -y containerd.io\n\nsystemctl daemon-reexec\nsystemctl enable --now containerd\n\nmkdir -p /etc/containerd\ncontainerd config default | tee /etc/containerd/config.toml\n\n# SystemdCgroup true yapılır\nsed -i 's/SystemdCgroup = false/SystemdCgroup = true/' /etc/containerd/config.toml\n\nsystemctl restart containerd\n\n# 5. Kubeadm, Kubelet, Kubectl kurulumu\napt-get update\napt-get install -y apt-transport-https ca-certificates curl\n\nmkdir -p /etc/apt/keyrings\ncurl -fsSL https://pkgs.k8s.io/core:/stable:/v1.32/deb/Release.key | gpg --dearmor -o /etc/apt/keyrings/kubernetes-apt-keyring.gpg\n\necho 'deb [signed-by=/etc/apt/keyrings/kubernetes-apt-keyring.gpg] https://pkgs.k8s.io/core:/stable:/v1.32/deb/ /' | tee /etc/apt/sources.list.d/kubernetes.list\n\napt-get update\napt-get install -y kubelet kubeadm kubectl\napt-mark hold kubelet kubeadm kubectl",
            "user_data_base64": null,
            "user_data_replace_on_change": false,
            "volume_tags": null,
            "vpc_security_group_ids": [
              "sg-0191773d760b0b1ee"
            ]
          },
          "sensitive_attributes": [],
          "identity_schema_version": 0,
          "private": "eyJlMmJmYjczMC1lY2FhLTExZTYtOGY4OC0zNDM2M2JjN2M0YzAiOnsiY3JlYXRlIjo2MDAwMDAwMDAwMDAsImRlbGV0ZSI6MTIwMDAwMDAwMDAwMCwicmVhZCI6OTAwMDAwMDAwMDAwLCJ1cGRhdGUiOjYwMDAwMDAwMDAwMH0sInNjaGVtYV92ZXJzaW9uIjoiMiJ9",
          "dependencies": [
            "aws_key_pair.generated_key",
            "aws_security_group.ec2_sg",
            "module.master.aws_iam_instance_profile.this",
            "module.master.aws_iam_role.ec2_instance_role",
            "module.master.aws_iam_role_policy_attachment.ec2_attach_policy",
            "module.master.aws_instance.this",
            "module.worker_1.aws_iam_instance_profile.this",
            "module.worker_1.aws_iam_role.ec2_instance_role",
            "module.worker_1.aws_iam_role_policy_attachment.ec2_attach_policy",
            "module.worker_1.aws_instance.this",
            "module.worker_2.aws_iam_instance_profile.this",
            "module.worker_2.aws_iam_role.ec2_instance_role",
            "tls_private_key.ssh_key"
          ]
        }
      ]
    }
  ],
  "check_results": null
}
